
Microsoft Visual Studio Solution File, Format Version 12.00
# Visual Studio Version 17
VisualStudioVersion = 17.3.32929.385
MinimumVisualStudioVersion = 10.0.40219.1
Project("{FAE04EC0-301F-11D3-BF4B-00C04F79EFBC}") = "AZ400-Frontend", "AZ400-Frontend.csproj", "{F4AA080B-5104-4275-82F4-61583A16DE49}"
EndProject
Global
	GlobalSection(SolutionConfigurationPlatforms) = preSolution
		Debug|Any CPU = Debug|Any CPU
		Release|Any CPU = Release|Any CPU
	EndGlobalSection
	GlobalSection(ProjectConfigurationPlatforms) = postSolution
		{F4AA080B-5104-4275-82F4-61583A16DE49}.Debug|Any CPU.ActiveCfg = Debug|Any CPU
		{F4AA080B-5104-4275-82F4-61583A16DE49}.Debug|Any CPU.Build.0 = Debug|Any CPU
		{F4AA080B-5104-4275-82F4-61583A16DE49}.Release|Any CPU.ActiveCfg = Release|Any CPU
		{F4AA080B-5104-4275-82F4-61583A16DE49}.Release|Any CPU.Build.0 = Release|Any CPU
	EndGlobalSection
	GlobalSection(SolutionProperties) = preSolution
		HideSolutionNode = FALSE
	EndGlobalSection
	GlobalSection(ExtensibilityGlobals) = postSolution
		SolutionGuid = {2269166D-5A6C-4806-9733-F1492D860A76}
	EndGlobalSection
EndGlobal
